
Microsoft Visual Studio Solution File, Format Version 12.00
# Visual Studio 14
VisualStudioVersion = 14.0.24720.0
MinimumVisualStudioVersion = 10.0.40219.1
Project("{2150E333-8FDC-42A3-9474-1A3956D46DE8}") = "Web", "Web", "{252B18B6-B4EA-4834-A526-27638CF79253}"
EndProject
Project("{2150E333-8FDC-42A3-9474-1A3956D46DE8}") = "Tests", "Tests", "{AC855879-63D7-4064-AEA2-59884CFA883C}"
EndProject
Project("{2150E333-8FDC-42A3-9474-1A3956D46DE8}") = "Data", "Data", "{339C06B2-C9A5-45EB-96C2-27956E508B68}"
EndProject
Project("{2150E333-8FDC-42A3-9474-1A3956D46DE8}") = "Services", "Services", "{56995629-A056-4C3D-9A43-E7784E52EF16}"
EndProject
Project("{FAE04EC0-301F-11D3-BF4B-00C04F79EFBC}") = "MvcTemplate.Web", "MvcTemplate.Web\MvcTemplate.Web.csproj", "{195C56D4-2A3C-4850-967D-2687930C615F}"
EndProject
Global
	GlobalSection(SolutionConfigurationPlatforms) = preSolution
		Debug|Any CPU = Debug|Any CPU
		Release|Any CPU = Release|Any CPU
	EndGlobalSection
	GlobalSection(ProjectConfigurationPlatforms) = postSolution
		{195C56D4-2A3C-4850-967D-2687930C615F}.Debug|Any CPU.ActiveCfg = Debug|Any CPU
		{195C56D4-2A3C-4850-967D-2687930C615F}.Debug|Any CPU.Build.0 = Debug|Any CPU
		{195C56D4-2A3C-4850-967D-2687930C615F}.Release|Any CPU.ActiveCfg = Release|Any CPU
		{195C56D4-2A3C-4850-967D-2687930C615F}.Release|Any CPU.Build.0 = Release|Any CPU
	EndGlobalSection
	GlobalSection(SolutionProperties) = preSolution
		HideSolutionNode = FALSE
	EndGlobalSection
	GlobalSection(NestedProjects) = preSolution
		{195C56D4-2A3C-4850-967D-2687930C615F} = {252B18B6-B4EA-4834-A526-27638CF79253}
	EndGlobalSection
EndGlobal
